
Microsoft Visual Studio Solution File, Format Version 12.00
# Visual Studio Version 17
VisualStudioVersion = 17.14.36414.22
MinimumVisualStudioVersion = 10.0.40219.1
Project("{2150E333-8FDC-42A3-9474-1A3956D46DE8}") = "Task0", "Task0", "{02EA681E-C7D8-13C7-8484-4AC65E1B71E8}"
EndProject
Project("{FAE04EC0-301F-11D3-BF4B-00C04F79EFBC}") = "Tyuiu.KarpenkoAL.Sprint0.Task0.V0", "Tyuiu.KarpenkoAL.Sprint0.Task0.V0\Tyuiu.KarpenkoAL.Sprint0.Task0.V0.csproj", "{EBC0A1D4-8039-4DCD-8928-94CFE258D839}"
EndProject
Project("{2150E333-8FDC-42A3-9474-1A3956D46DE8}") = "Task1", "Task1", "{D8F57E00-FF0A-44B8-B33C-D894548DD012}"
EndProject
Project("{FAE04EC0-301F-11D3-BF4B-00C04F79EFBC}") = "Tyuiu.KarpenkoAL.Sprint0.Task1.V0", "Tyuiu.KarpenkoAL.Sprint0.Task1.V0\Tyuiu.KarpenkoAL.Sprint0.Task1.V0.csproj", "{350923C7-458F-4345-BD39-61298345C3A7}"
EndProject
Project("{2150E333-8FDC-42A3-9474-1A3956D46DE8}") = "Task2", "Task2", "{265A83E4-BDB3-48FA-BDDB-4347280C6D8B}"
EndProject
Project("{FAE04EC0-301F-11D3-BF4B-00C04F79EFBC}") = "Tyuiu.KarpenkoAL.Sprint0.Task2.V0", "Tyuiu.KarpenkoAL.Sprint0.Task2.V0\Tyuiu.KarpenkoAL.Sprint0.Task2.V0.csproj", "{98470268-D64C-4983-8F78-5B71A047CB06}"
EndProject
Project("{FAE04EC0-301F-11D3-BF4B-00C04F79EFBC}") = "Tyuiu.KarpenkoAL.Sprint0.Task2.V0.Lib", "Tyuiu.KarpenkoAL.Sprint0.Task2.V0.Lib\Tyuiu.KarpenkoAL.Sprint0.Task2.V0.Lib.csproj", "{AD7BC72D-BE73-4EC9-AA2B-ABE9D9FD416E}"
EndProject
Project("{FAE04EC0-301F-11D3-BF4B-00C04F79EFBC}") = "Tyuiu.KarpenkoAL.Sprint0.Task2.V0.Test", "Tyuiu.KarpenkoAL.Sprint0.Task2.V0.Test\Tyuiu.KarpenkoAL.Sprint0.Task2.V0.Test.csproj", "{49EFECFB-0BDF-4249-BEB8-2A1739A9F65A}"
EndProject
Global
	GlobalSection(SolutionConfigurationPlatforms) = preSolution
		Debug|Any CPU = Debug|Any CPU
		Release|Any CPU = Release|Any CPU
	EndGlobalSection
	GlobalSection(ProjectConfigurationPlatforms) = postSolution
		{EBC0A1D4-8039-4DCD-8928-94CFE258D839}.Debug|Any CPU.ActiveCfg = Debug|Any CPU
		{EBC0A1D4-8039-4DCD-8928-94CFE258D839}.Debug|Any CPU.Build.0 = Debug|Any CPU
		{EBC0A1D4-8039-4DCD-8928-94CFE258D839}.Release|Any CPU.ActiveCfg = Release|Any CPU
		{EBC0A1D4-8039-4DCD-8928-94CFE258D839}.Release|Any CPU.Build.0 = Release|Any CPU
		{350923C7-458F-4345-BD39-61298345C3A7}.Debug|Any CPU.ActiveCfg = Debug|Any CPU
		{350923C7-458F-4345-BD39-61298345C3A7}.Debug|Any CPU.Build.0 = Debug|Any CPU
		{350923C7-458F-4345-BD39-61298345C3A7}.Release|Any CPU.ActiveCfg = Release|Any CPU
		{350923C7-458F-4345-BD39-61298345C3A7}.Release|Any CPU.Build.0 = Release|Any CPU
		{98470268-D64C-4983-8F78-5B71A047CB06}.Debug|Any CPU.ActiveCfg = Debug|Any CPU
		{98470268-D64C-4983-8F78-5B71A047CB06}.Debug|Any CPU.Build.0 = Debug|Any CPU
		{98470268-D64C-4983-8F78-5B71A047CB06}.Release|Any CPU.ActiveCfg = Release|Any CPU
		{98470268-D64C-4983-8F78-5B71A047CB06}.Release|Any CPU.Build.0 = Release|Any CPU
		{AD7BC72D-BE73-4EC9-AA2B-ABE9D9FD416E}.Debug|Any CPU.ActiveCfg = Debug|Any CPU
		{AD7BC72D-BE73-4EC9-AA2B-ABE9D9FD416E}.Debug|Any CPU.Build.0 = Debug|Any CPU
		{AD7BC72D-BE73-4EC9-AA2B-ABE9D9FD416E}.Release|Any CPU.ActiveCfg = Release|Any CPU
		{AD7BC72D-BE73-4EC9-AA2B-ABE9D9FD416E}.Release|Any CPU.Build.0 = Release|Any CPU
		{49EFECFB-0BDF-4249-BEB8-2A1739A9F65A}.Debug|Any CPU.ActiveCfg = Debug|Any CPU
		{49EFECFB-0BDF-4249-BEB8-2A1739A9F65A}.Debug|Any CPU.Build.0 = Debug|Any CPU
		{49EFECFB-0BDF-4249-BEB8-2A1739A9F65A}.Release|Any CPU.ActiveCfg = Release|Any CPU
		{49EFECFB-0BDF-4249-BEB8-2A1739A9F65A}.Release|Any CPU.Build.0 = Release|Any CPU
	EndGlobalSection
	GlobalSection(SolutionProperties) = preSolution
		HideSolutionNode = FALSE
	EndGlobalSection
	GlobalSection(NestedProjects) = preSolution
		{EBC0A1D4-8039-4DCD-8928-94CFE258D839} = {02EA681E-C7D8-13C7-8484-4AC65E1B71E8}
		{350923C7-458F-4345-BD39-61298345C3A7} = {D8F57E00-FF0A-44B8-B33C-D894548DD012}
		{98470268-D64C-4983-8F78-5B71A047CB06} = {265A83E4-BDB3-48FA-BDDB-4347280C6D8B}
		{AD7BC72D-BE73-4EC9-AA2B-ABE9D9FD416E} = {265A83E4-BDB3-48FA-BDDB-4347280C6D8B}
		{49EFECFB-0BDF-4249-BEB8-2A1739A9F65A} = {265A83E4-BDB3-48FA-BDDB-4347280C6D8B}
	EndGlobalSection
	GlobalSection(ExtensibilityGlobals) = postSolution
		SolutionGuid = {069DB46D-2231-4917-9990-C67F58891B54}
	EndGlobalSection
EndGlobal
