
Microsoft Visual Studio Solution File, Format Version 12.00
# Visual Studio Version 17
VisualStudioVersion = 17.14.36414.22
MinimumVisualStudioVersion = 10.0.40219.1
Project("{2150E333-8FDC-42A3-9474-1A3956D46DE8}") = "Task0", "Task0", "{02EA681E-C7D8-13C7-8484-4AC65E1B71E8}"
EndProject
Project("{FAE04EC0-301F-11D3-BF4B-00C04F79EFBC}") = "Tyuiu.KarpenkoAL.Sprint0.Task0.V0", "Tyuiu.KarpenkoAL.Sprint0.Task0.V0\Tyuiu.KarpenkoAL.Sprint0.Task0.V0.csproj", "{EBC0A1D4-8039-4DCD-8928-94CFE258D839}"
EndProject
Project("{2150E333-8FDC-42A3-9474-1A3956D46DE8}") = "Task1", "Task1", "{D8F57E00-FF0A-44B8-B33C-D894548DD012}"
EndProject
Project("{FAE04EC0-301F-11D3-BF4B-00C04F79EFBC}") = "Tyuiu.KarpenkoAL.Sprint0.Task1.V0", "Tyuiu.KarpenkoAL.Sprint0.Task1.V0\Tyuiu.KarpenkoAL.Sprint0.Task1.V0.csproj", "{350923C7-458F-4345-BD39-61298345C3A7}"
EndProject
Project("{2150E333-8FDC-42A3-9474-1A3956D46DE8}") = "Task2", "Task2", "{265A83E4-BDB3-48FA-BDDB-4347280C6D8B}"
EndProject
Project("{FAE04EC0-301F-11D3-BF4B-00C04F79EFBC}") = "Tyuiu.KarpenkoAL.Sprint0.Task2.V0", "Tyuiu.KarpenkoAL.Sprint0.Task2.V0\Tyuiu.KarpenkoAL.Sprint0.Task2.V0.csproj", "{98470268-D64C-4983-8F78-5B71A047CB06}"
EndProject
Project("{FAE04EC0-301F-11D3-BF4B-00C04F79EFBC}") = "Tyuiu.KarpenkoAL.Sprint0.Task2.V0.Lib", "Tyuiu.KarpenkoAL.Sprint0.Task2.V0.Lib\Tyuiu.KarpenkoAL.Sprint0.Task2.V0.Lib.csproj", "{AD7BC72D-BE73-4EC9-AA2B-ABE9D9FD416E}"
EndProject
Project("{FAE04EC0-301F-11D3-BF4B-00C04F79EFBC}") = "Tyuiu.KarpenkoAL.Sprint0.Task2.V0.Test", "Tyuiu.KarpenkoAL.Sprint0.Task2.V0.Test\Tyuiu.KarpenkoAL.Sprint0.Task2.V0.Test.csproj", "{49EFECFB-0BDF-4249-BEB8-2A1739A9F65A}"
EndProject
Project("{2150E333-8FDC-42A3-9474-1A3956D46DE8}") = "Task3", "Task3", "{8EA79C70-9809-49F8-AF81-541D88E2AA23}"
EndProject
Project("{FAE04EC0-301F-11D3-BF4B-00C04F79EFBC}") = "Tyuiu.KarpenkoAL.Sprint0.Task3.V0", "Tyuiu.KarpenkoAL.Sprint0.Task3.V0\Tyuiu.KarpenkoAL.Sprint0.Task3.V0.csproj", "{889C9B8B-D180-4D67-AC12-BCB17D3F13FD}"
EndProject
Project("{FAE04EC0-301F-11D3-BF4B-00C04F79EFBC}") = "Tyuiu.KarpenkoAL.Sprint0.Task3.V0.Lib", "Tyuiu.KarpenkoAL.Sprint0.Task3.V0.Lib\Tyuiu.KarpenkoAL.Sprint0.Task3.V0.Lib.csproj", "{1A2C60EB-2096-41C9-B67C-1CE848ABB53C}"
EndProject
Project("{FAE04EC0-301F-11D3-BF4B-00C04F79EFBC}") = "Tyuiu.KarpenkoAL.Sprint0.Task3.V0.Test", "Tyuiu.KarpenkoAL.Sprint0.Task3.V0.Test\Tyuiu.KarpenkoAL.Sprint0.Task3.V0.Test.csproj", "{293F413B-7D82-4AD0-B13F-D18C6801BEE3}"
EndProject
Project("{2150E333-8FDC-42A3-9474-1A3956D46DE8}") = "Task4", "Task4", "{C7312C15-2536-40ED-AC24-9E51EB2B0A34}"
EndProject
Project("{FAE04EC0-301F-11D3-BF4B-00C04F79EFBC}") = "Tyuiu.KarpenkoAL.Sprint0.Task4.V0", "Tyuiu.KarpenkoAL.Sprint0.Task4.V0\Tyuiu.KarpenkoAL.Sprint0.Task4.V0.csproj", "{A9CB41C0-C4BC-4319-934B-6A74A19ABBAB}"
EndProject
Project("{FAE04EC0-301F-11D3-BF4B-00C04F79EFBC}") = "Tyuiu.KarpenkoAL.Sprint0.Task4.V0.Lib", "Tyuiu.KarpenkoAL.Sprint0.Task4.V0.Lib\Tyuiu.KarpenkoAL.Sprint0.Task4.V0.Lib.csproj", "{81BEC52F-90FE-4CE0-B837-2A69CAAE8C16}"
EndProject
Project("{FAE04EC0-301F-11D3-BF4B-00C04F79EFBC}") = "Tyuiu.KarpenkoAL.Sprint0.Task4.V0.Test", "Tyuiu.KarpenkoAL.Sprint0.Task4.V0.Test\Tyuiu.KarpenkoAL.Sprint0.Task4.V0.Test.csproj", "{0F466219-E7A6-424A-AE7D-B19AFA77C672}"
EndProject
Project("{2150E333-8FDC-42A3-9474-1A3956D46DE8}") = "Task5", "Task5", "{908A82EE-755E-4741-AFB5-25DEAD11FECF}"
EndProject
Project("{FAE04EC0-301F-11D3-BF4B-00C04F79EFBC}") = "Tyuiu.KarpenkoAL.Sprint0.Task5.V0", "Tyuiu.KarpenkoAL.Sprint0.Task5.V0\Tyuiu.KarpenkoAL.Sprint0.Task5.V0.csproj", "{10678743-5464-4CA7-9484-F017BB9BB865}"
EndProject
Project("{FAE04EC0-301F-11D3-BF4B-00C04F79EFBC}") = "Tyuiu.KarpenkoAL.Sprint0.Task5.V0.Lib", "Tyuiu.KarpenkoAL.Sprint0.Task5.V0.Lib\Tyuiu.KarpenkoAL.Sprint0.Task5.V0.Lib.csproj", "{A5D08266-19D9-43D8-A9D3-5EAF6DD4683C}"
EndProject
Project("{FAE04EC0-301F-11D3-BF4B-00C04F79EFBC}") = "Tyuiu.KarpenkoAL.Sprint0.Task5.V0.Test", "Tyuiu.KarpenkoAL.Sprint0.Task5.V0.Test\Tyuiu.KarpenkoAL.Sprint0.Task5.V0.Test.csproj", "{2767E5E1-F17E-4399-A98C-B5CD6F2B7DB6}"
EndProject
Project("{2150E333-8FDC-42A3-9474-1A3956D46DE8}") = "Task6", "Task6", "{C7E86661-C139-4DF8-A754-15532CB7B2E0}"
EndProject
Project("{FAE04EC0-301F-11D3-BF4B-00C04F79EFBC}") = "Tyuiu.KarpenkoAL.Sprint0.Task6.V0", "Tyuiu.KarpenkoAL.Sprint0.Task6.V0\Tyuiu.KarpenkoAL.Sprint0.Task6.V0.csproj", "{FE31B2E2-ED3A-4A22-B971-300AC2DA54C3}"
EndProject
Project("{FAE04EC0-301F-11D3-BF4B-00C04F79EFBC}") = "Tyuiu.KarpenkoAL.Sprint0.Task6.V0.Lib", "Tyuiu.KarpenkoAL.Sprint0.Task6.V0.Lib\Tyuiu.KarpenkoAL.Sprint0.Task6.V0.Lib.csproj", "{8079C3FB-C18E-4F66-ADD0-0A315EE5AF6E}"
EndProject
Project("{FAE04EC0-301F-11D3-BF4B-00C04F79EFBC}") = "Tyuiu.KarpenkoAL.Sprint0.Task6.V0.Test", "Tyuiu.KarpenkoAL.Sprint0.Task6.V0.Test\Tyuiu.KarpenkoAL.Sprint0.Task6.V0.Test.csproj", "{95E02B8A-937A-4814-8B59-5407BD4A8AA2}"
EndProject
Global
	GlobalSection(SolutionConfigurationPlatforms) = preSolution
		Debug|Any CPU = Debug|Any CPU
		Release|Any CPU = Release|Any CPU
	EndGlobalSection
	GlobalSection(ProjectConfigurationPlatforms) = postSolution
		{EBC0A1D4-8039-4DCD-8928-94CFE258D839}.Debug|Any CPU.ActiveCfg = Debug|Any CPU
		{EBC0A1D4-8039-4DCD-8928-94CFE258D839}.Debug|Any CPU.Build.0 = Debug|Any CPU
		{EBC0A1D4-8039-4DCD-8928-94CFE258D839}.Release|Any CPU.ActiveCfg = Release|Any CPU
		{EBC0A1D4-8039-4DCD-8928-94CFE258D839}.Release|Any CPU.Build.0 = Release|Any CPU
		{350923C7-458F-4345-BD39-61298345C3A7}.Debug|Any CPU.ActiveCfg = Debug|Any CPU
		{350923C7-458F-4345-BD39-61298345C3A7}.Debug|Any CPU.Build.0 = Debug|Any CPU
		{350923C7-458F-4345-BD39-61298345C3A7}.Release|Any CPU.ActiveCfg = Release|Any CPU
		{350923C7-458F-4345-BD39-61298345C3A7}.Release|Any CPU.Build.0 = Release|Any CPU
		{98470268-D64C-4983-8F78-5B71A047CB06}.Debug|Any CPU.ActiveCfg = Debug|Any CPU
		{98470268-D64C-4983-8F78-5B71A047CB06}.Debug|Any CPU.Build.0 = Debug|Any CPU
		{98470268-D64C-4983-8F78-5B71A047CB06}.Release|Any CPU.ActiveCfg = Release|Any CPU
		{98470268-D64C-4983-8F78-5B71A047CB06}.Release|Any CPU.Build.0 = Release|Any CPU
		{AD7BC72D-BE73-4EC9-AA2B-ABE9D9FD416E}.Debug|Any CPU.ActiveCfg = Debug|Any CPU
		{AD7BC72D-BE73-4EC9-AA2B-ABE9D9FD416E}.Debug|Any CPU.Build.0 = Debug|Any CPU
		{AD7BC72D-BE73-4EC9-AA2B-ABE9D9FD416E}.Release|Any CPU.ActiveCfg = Release|Any CPU
		{AD7BC72D-BE73-4EC9-AA2B-ABE9D9FD416E}.Release|Any CPU.Build.0 = Release|Any CPU
		{49EFECFB-0BDF-4249-BEB8-2A1739A9F65A}.Debug|Any CPU.ActiveCfg = Debug|Any CPU
		{49EFECFB-0BDF-4249-BEB8-2A1739A9F65A}.Debug|Any CPU.Build.0 = Debug|Any CPU
		{49EFECFB-0BDF-4249-BEB8-2A1739A9F65A}.Release|Any CPU.ActiveCfg = Release|Any CPU
		{49EFECFB-0BDF-4249-BEB8-2A1739A9F65A}.Release|Any CPU.Build.0 = Release|Any CPU
		{889C9B8B-D180-4D67-AC12-BCB17D3F13FD}.Debug|Any CPU.ActiveCfg = Debug|Any CPU
		{889C9B8B-D180-4D67-AC12-BCB17D3F13FD}.Debug|Any CPU.Build.0 = Debug|Any CPU
		{889C9B8B-D180-4D67-AC12-BCB17D3F13FD}.Release|Any CPU.ActiveCfg = Release|Any CPU
		{889C9B8B-D180-4D67-AC12-BCB17D3F13FD}.Release|Any CPU.Build.0 = Release|Any CPU
		{1A2C60EB-2096-41C9-B67C-1CE848ABB53C}.Debug|Any CPU.ActiveCfg = Debug|Any CPU
		{1A2C60EB-2096-41C9-B67C-1CE848ABB53C}.Debug|Any CPU.Build.0 = Debug|Any CPU
		{1A2C60EB-2096-41C9-B67C-1CE848ABB53C}.Release|Any CPU.ActiveCfg = Release|Any CPU
		{1A2C60EB-2096-41C9-B67C-1CE848ABB53C}.Release|Any CPU.Build.0 = Release|Any CPU
		{293F413B-7D82-4AD0-B13F-D18C6801BEE3}.Debug|Any CPU.ActiveCfg = Debug|Any CPU
		{293F413B-7D82-4AD0-B13F-D18C6801BEE3}.Debug|Any CPU.Build.0 = Debug|Any CPU
		{293F413B-7D82-4AD0-B13F-D18C6801BEE3}.Release|Any CPU.ActiveCfg = Release|Any CPU
		{293F413B-7D82-4AD0-B13F-D18C6801BEE3}.Release|Any CPU.Build.0 = Release|Any CPU
		{A9CB41C0-C4BC-4319-934B-6A74A19ABBAB}.Debug|Any CPU.ActiveCfg = Debug|Any CPU
		{A9CB41C0-C4BC-4319-934B-6A74A19ABBAB}.Debug|Any CPU.Build.0 = Debug|Any CPU
		{A9CB41C0-C4BC-4319-934B-6A74A19ABBAB}.Release|Any CPU.ActiveCfg = Release|Any CPU
		{A9CB41C0-C4BC-4319-934B-6A74A19ABBAB}.Release|Any CPU.Build.0 = Release|Any CPU
		{81BEC52F-90FE-4CE0-B837-2A69CAAE8C16}.Debug|Any CPU.ActiveCfg = Debug|Any CPU
		{81BEC52F-90FE-4CE0-B837-2A69CAAE8C16}.Debug|Any CPU.Build.0 = Debug|Any CPU
		{81BEC52F-90FE-4CE0-B837-2A69CAAE8C16}.Release|Any CPU.ActiveCfg = Release|Any CPU
		{81BEC52F-90FE-4CE0-B837-2A69CAAE8C16}.Release|Any CPU.Build.0 = Release|Any CPU
		{0F466219-E7A6-424A-AE7D-B19AFA77C672}.Debug|Any CPU.ActiveCfg = Debug|Any CPU
		{0F466219-E7A6-424A-AE7D-B19AFA77C672}.Debug|Any CPU.Build.0 = Debug|Any CPU
		{0F466219-E7A6-424A-AE7D-B19AFA77C672}.Release|Any CPU.ActiveCfg = Release|Any CPU
		{0F466219-E7A6-424A-AE7D-B19AFA77C672}.Release|Any CPU.Build.0 = Release|Any CPU
		{10678743-5464-4CA7-9484-F017BB9BB865}.Debug|Any CPU.ActiveCfg = Debug|Any CPU
		{10678743-5464-4CA7-9484-F017BB9BB865}.Debug|Any CPU.Build.0 = Debug|Any CPU
		{10678743-5464-4CA7-9484-F017BB9BB865}.Release|Any CPU.ActiveCfg = Release|Any CPU
		{10678743-5464-4CA7-9484-F017BB9BB865}.Release|Any CPU.Build.0 = Release|Any CPU
		{A5D08266-19D9-43D8-A9D3-5EAF6DD4683C}.Debug|Any CPU.ActiveCfg = Debug|Any CPU
		{A5D08266-19D9-43D8-A9D3-5EAF6DD4683C}.Debug|Any CPU.Build.0 = Debug|Any CPU
		{A5D08266-19D9-43D8-A9D3-5EAF6DD4683C}.Release|Any CPU.ActiveCfg = Release|Any CPU
		{A5D08266-19D9-43D8-A9D3-5EAF6DD4683C}.Release|Any CPU.Build.0 = Release|Any CPU
		{2767E5E1-F17E-4399-A98C-B5CD6F2B7DB6}.Debug|Any CPU.ActiveCfg = Debug|Any CPU
		{2767E5E1-F17E-4399-A98C-B5CD6F2B7DB6}.Debug|Any CPU.Build.0 = Debug|Any CPU
		{2767E5E1-F17E-4399-A98C-B5CD6F2B7DB6}.Release|Any CPU.ActiveCfg = Release|Any CPU
		{2767E5E1-F17E-4399-A98C-B5CD6F2B7DB6}.Release|Any CPU.Build.0 = Release|Any CPU
		{FE31B2E2-ED3A-4A22-B971-300AC2DA54C3}.Debug|Any CPU.ActiveCfg = Debug|Any CPU
		{FE31B2E2-ED3A-4A22-B971-300AC2DA54C3}.Debug|Any CPU.Build.0 = Debug|Any CPU
		{FE31B2E2-ED3A-4A22-B971-300AC2DA54C3}.Release|Any CPU.ActiveCfg = Release|Any CPU
		{FE31B2E2-ED3A-4A22-B971-300AC2DA54C3}.Release|Any CPU.Build.0 = Release|Any CPU
		{8079C3FB-C18E-4F66-ADD0-0A315EE5AF6E}.Debug|Any CPU.ActiveCfg = Debug|Any CPU
		{8079C3FB-C18E-4F66-ADD0-0A315EE5AF6E}.Debug|Any CPU.Build.0 = Debug|Any CPU
		{8079C3FB-C18E-4F66-ADD0-0A315EE5AF6E}.Release|Any CPU.ActiveCfg = Release|Any CPU
		{8079C3FB-C18E-4F66-ADD0-0A315EE5AF6E}.Release|Any CPU.Build.0 = Release|Any CPU
		{95E02B8A-937A-4814-8B59-5407BD4A8AA2}.Debug|Any CPU.ActiveCfg = Debug|Any CPU
		{95E02B8A-937A-4814-8B59-5407BD4A8AA2}.Debug|Any CPU.Build.0 = Debug|Any CPU
		{95E02B8A-937A-4814-8B59-5407BD4A8AA2}.Release|Any CPU.ActiveCfg = Release|Any CPU
		{95E02B8A-937A-4814-8B59-5407BD4A8AA2}.Release|Any CPU.Build.0 = Release|Any CPU
	EndGlobalSection
	GlobalSection(SolutionProperties) = preSolution
		HideSolutionNode = FALSE
	EndGlobalSection
	GlobalSection(NestedProjects) = preSolution
		{EBC0A1D4-8039-4DCD-8928-94CFE258D839} = {02EA681E-C7D8-13C7-8484-4AC65E1B71E8}
		{350923C7-458F-4345-BD39-61298345C3A7} = {D8F57E00-FF0A-44B8-B33C-D894548DD012}
		{98470268-D64C-4983-8F78-5B71A047CB06} = {265A83E4-BDB3-48FA-BDDB-4347280C6D8B}
		{AD7BC72D-BE73-4EC9-AA2B-ABE9D9FD416E} = {265A83E4-BDB3-48FA-BDDB-4347280C6D8B}
		{49EFECFB-0BDF-4249-BEB8-2A1739A9F65A} = {265A83E4-BDB3-48FA-BDDB-4347280C6D8B}
		{889C9B8B-D180-4D67-AC12-BCB17D3F13FD} = {8EA79C70-9809-49F8-AF81-541D88E2AA23}
		{1A2C60EB-2096-41C9-B67C-1CE848ABB53C} = {8EA79C70-9809-49F8-AF81-541D88E2AA23}
		{293F413B-7D82-4AD0-B13F-D18C6801BEE3} = {8EA79C70-9809-49F8-AF81-541D88E2AA23}
		{A9CB41C0-C4BC-4319-934B-6A74A19ABBAB} = {C7312C15-2536-40ED-AC24-9E51EB2B0A34}
		{81BEC52F-90FE-4CE0-B837-2A69CAAE8C16} = {C7312C15-2536-40ED-AC24-9E51EB2B0A34}
		{0F466219-E7A6-424A-AE7D-B19AFA77C672} = {C7312C15-2536-40ED-AC24-9E51EB2B0A34}
		{10678743-5464-4CA7-9484-F017BB9BB865} = {908A82EE-755E-4741-AFB5-25DEAD11FECF}
		{A5D08266-19D9-43D8-A9D3-5EAF6DD4683C} = {908A82EE-755E-4741-AFB5-25DEAD11FECF}
		{2767E5E1-F17E-4399-A98C-B5CD6F2B7DB6} = {908A82EE-755E-4741-AFB5-25DEAD11FECF}
		{FE31B2E2-ED3A-4A22-B971-300AC2DA54C3} = {C7E86661-C139-4DF8-A754-15532CB7B2E0}
		{8079C3FB-C18E-4F66-ADD0-0A315EE5AF6E} = {C7E86661-C139-4DF8-A754-15532CB7B2E0}
		{95E02B8A-937A-4814-8B59-5407BD4A8AA2} = {C7E86661-C139-4DF8-A754-15532CB7B2E0}
	EndGlobalSection
	GlobalSection(ExtensibilityGlobals) = postSolution
		SolutionGuid = {069DB46D-2231-4917-9990-C67F58891B54}
	EndGlobalSection
EndGlobal
